
Microsoft Visual Studio Solution File, Format Version 12.00
# Visual Studio Version 16
VisualStudioVersion = 16.6.30114.105
MinimumVisualStudioVersion = 10.0.40219.1
Project("{FAE04EC0-301F-11D3-BF4B-00C04F79EFBC}") = "Uno.Client", "Uno.Client\Uno.Client.csproj", "{41A6D9D9-E3AB-4846-B673-7C88206D7E37}"
EndProject
Project("{FAE04EC0-301F-11D3-BF4B-00C04F79EFBC}") = "Uno.Server", "Uno.Server\Uno.Server.csproj", "{F15960BE-D731-4640-8F40-33ACCD366567}"
EndProject
Project("{FAE04EC0-301F-11D3-BF4B-00C04F79EFBC}") = "Uno.Services", "Uno.Services\Uno.Services.csproj", "{DCAC5D02-867A-4693-B276-4650AF9EE557}"
EndProject
Project("{FAE04EC0-301F-11D3-BF4B-00C04F79EFBC}") = "Uno.Domain", "Uno.Domain\Uno.Domain.csproj", "{D0A5AFA6-57B9-47FA-A895-6E42D6795583}"
EndProject
Global
	GlobalSection(SolutionConfigurationPlatforms) = preSolution
		Debug|Any CPU = Debug|Any CPU
		Debug|x64 = Debug|x64
		Debug|x86 = Debug|x86
		Release|Any CPU = Release|Any CPU
		Release|x64 = Release|x64
		Release|x86 = Release|x86
	EndGlobalSection
	GlobalSection(SolutionProperties) = preSolution
		HideSolutionNode = FALSE
	EndGlobalSection
	GlobalSection(ProjectConfigurationPlatforms) = postSolution
		{41A6D9D9-E3AB-4846-B673-7C88206D7E37}.Debug|Any CPU.ActiveCfg = Debug|Any CPU
		{41A6D9D9-E3AB-4846-B673-7C88206D7E37}.Debug|Any CPU.Build.0 = Debug|Any CPU
		{41A6D9D9-E3AB-4846-B673-7C88206D7E37}.Debug|x64.ActiveCfg = Debug|Any CPU
		{41A6D9D9-E3AB-4846-B673-7C88206D7E37}.Debug|x64.Build.0 = Debug|Any CPU
		{41A6D9D9-E3AB-4846-B673-7C88206D7E37}.Debug|x86.ActiveCfg = Debug|Any CPU
		{41A6D9D9-E3AB-4846-B673-7C88206D7E37}.Debug|x86.Build.0 = Debug|Any CPU
		{41A6D9D9-E3AB-4846-B673-7C88206D7E37}.Release|Any CPU.ActiveCfg = Release|Any CPU
		{41A6D9D9-E3AB-4846-B673-7C88206D7E37}.Release|Any CPU.Build.0 = Release|Any CPU
		{41A6D9D9-E3AB-4846-B673-7C88206D7E37}.Release|x64.ActiveCfg = Release|Any CPU
		{41A6D9D9-E3AB-4846-B673-7C88206D7E37}.Release|x64.Build.0 = Release|Any CPU
		{41A6D9D9-E3AB-4846-B673-7C88206D7E37}.Release|x86.ActiveCfg = Release|Any CPU
		{41A6D9D9-E3AB-4846-B673-7C88206D7E37}.Release|x86.Build.0 = Release|Any CPU
		{F15960BE-D731-4640-8F40-33ACCD366567}.Debug|Any CPU.ActiveCfg = Debug|Any CPU
		{F15960BE-D731-4640-8F40-33ACCD366567}.Debug|Any CPU.Build.0 = Debug|Any CPU
		{F15960BE-D731-4640-8F40-33ACCD366567}.Debug|x64.ActiveCfg = Debug|Any CPU
		{F15960BE-D731-4640-8F40-33ACCD366567}.Debug|x64.Build.0 = Debug|Any CPU
		{F15960BE-D731-4640-8F40-33ACCD366567}.Debug|x86.ActiveCfg = Debug|Any CPU
		{F15960BE-D731-4640-8F40-33ACCD366567}.Debug|x86.Build.0 = Debug|Any CPU
		{F15960BE-D731-4640-8F40-33ACCD366567}.Release|Any CPU.ActiveCfg = Release|Any CPU
		{F15960BE-D731-4640-8F40-33ACCD366567}.Release|Any CPU.Build.0 = Release|Any CPU
		{F15960BE-D731-4640-8F40-33ACCD366567}.Release|x64.ActiveCfg = Release|Any CPU
		{F15960BE-D731-4640-8F40-33ACCD366567}.Release|x64.Build.0 = Release|Any CPU
		{F15960BE-D731-4640-8F40-33ACCD366567}.Release|x86.ActiveCfg = Release|Any CPU
		{F15960BE-D731-4640-8F40-33ACCD366567}.Release|x86.Build.0 = Release|Any CPU
		{DCAC5D02-867A-4693-B276-4650AF9EE557}.Debug|Any CPU.ActiveCfg = Debug|Any CPU
		{DCAC5D02-867A-4693-B276-4650AF9EE557}.Debug|Any CPU.Build.0 = Debug|Any CPU
		{DCAC5D02-867A-4693-B276-4650AF9EE557}.Debug|x64.ActiveCfg = Debug|Any CPU
		{DCAC5D02-867A-4693-B276-4650AF9EE557}.Debug|x64.Build.0 = Debug|Any CPU
		{DCAC5D02-867A-4693-B276-4650AF9EE557}.Debug|x86.ActiveCfg = Debug|Any CPU
		{DCAC5D02-867A-4693-B276-4650AF9EE557}.Debug|x86.Build.0 = Debug|Any CPU
		{DCAC5D02-867A-4693-B276-4650AF9EE557}.Release|Any CPU.ActiveCfg = Release|Any CPU
		{DCAC5D02-867A-4693-B276-4650AF9EE557}.Release|Any CPU.Build.0 = Release|Any CPU
		{DCAC5D02-867A-4693-B276-4650AF9EE557}.Release|x64.ActiveCfg = Release|Any CPU
		{DCAC5D02-867A-4693-B276-4650AF9EE557}.Release|x64.Build.0 = Release|Any CPU
		{DCAC5D02-867A-4693-B276-4650AF9EE557}.Release|x86.ActiveCfg = Release|Any CPU
		{DCAC5D02-867A-4693-B276-4650AF9EE557}.Release|x86.Build.0 = Release|Any CPU
		{D0A5AFA6-57B9-47FA-A895-6E42D6795583}.Debug|Any CPU.ActiveCfg = Debug|Any CPU
		{D0A5AFA6-57B9-47FA-A895-6E42D6795583}.Debug|Any CPU.Build.0 = Debug|Any CPU
		{D0A5AFA6-57B9-47FA-A895-6E42D6795583}.Debug|x64.ActiveCfg = Debug|Any CPU
		{D0A5AFA6-57B9-47FA-A895-6E42D6795583}.Debug|x64.Build.0 = Debug|Any CPU
		{D0A5AFA6-57B9-47FA-A895-6E42D6795583}.Debug|x86.ActiveCfg = Debug|Any CPU
		{D0A5AFA6-57B9-47FA-A895-6E42D6795583}.Debug|x86.Build.0 = Debug|Any CPU
		{D0A5AFA6-57B9-47FA-A895-6E42D6795583}.Release|Any CPU.ActiveCfg = Release|Any CPU
		{D0A5AFA6-57B9-47FA-A895-6E42D6795583}.Release|Any CPU.Build.0 = Release|Any CPU
		{D0A5AFA6-57B9-47FA-A895-6E42D6795583}.Release|x64.ActiveCfg = Release|Any CPU
		{D0A5AFA6-57B9-47FA-A895-6E42D6795583}.Release|x64.Build.0 = Release|Any CPU
		{D0A5AFA6-57B9-47FA-A895-6E42D6795583}.Release|x86.ActiveCfg = Release|Any CPU
		{D0A5AFA6-57B9-47FA-A895-6E42D6795583}.Release|x86.Build.0 = Release|Any CPU
	EndGlobalSection
EndGlobal
